
Microsoft Visual Studio Solution File, Format Version 12.00
# Visual Studio Version 16
VisualStudioVersion = 16.0.32413.511
MinimumVisualStudioVersion = 10.0.40219.1
Project("{888888A0-9F3D-457C-B088-3A5042F75D52}") = "PythonPractice", "PythonPractice\PythonPractice.pyproj", "{006D8CF5-ADDF-4AB1-9B96-11E162842104}"
EndProject
Global
	GlobalSection(SolutionConfigurationPlatforms) = preSolution
		Debug|Any CPU = Debug|Any CPU
		Release|Any CPU = Release|Any CPU
	EndGlobalSection
	GlobalSection(ProjectConfigurationPlatforms) = postSolution
		{006D8CF5-ADDF-4AB1-9B96-11E162842104}.Debug|Any CPU.ActiveCfg = Debug|Any CPU
		{006D8CF5-ADDF-4AB1-9B96-11E162842104}.Release|Any CPU.ActiveCfg = Release|Any CPU
	EndGlobalSection
	GlobalSection(SolutionProperties) = preSolution
		HideSolutionNode = FALSE
	EndGlobalSection
	GlobalSection(ExtensibilityGlobals) = postSolution
		SolutionGuid = {CB6FCE16-FD7A-493B-9EAD-6645ACD53F82}
	EndGlobalSection
EndGlobal
